schema: '2.0'
stages:
  data_ingestion:
    cmd: python src/A_data_injestion.py
    deps:
    - path: data/src/palmer_penguins.csv
      hash: md5
      md5: 97d75910376dbd1fed1e593fa18ecbce
      size: 50914
    - path: src/A_data_injestion.py
      hash: md5
      md5: f5a060ca6836bb94aa9d2d0cdceed179
      size: 2027
    outs:
    - path: data/raw
      hash: md5
      md5: 3da773c085a8dd6c30a1c8e38c835dd6.dir
      size: 15053
      nfiles: 2
  data_preprocessing:
    cmd: python src/B_preperation.py
    deps:
    - path: data/raw
      hash: md5
      md5: 3da773c085a8dd6c30a1c8e38c835dd6.dir
      size: 15053
      nfiles: 2
    - path: src/B_preperation.py
      hash: md5
      md5: 6090e65b5d247f68f68d25c07bf6a6e9
      size: 2578
    outs:
    - path: data/interim
      hash: md5
      md5: 06595a18ba868d05213b1b7ff7c59925.dir
      size: 10172
      nfiles: 2
  feature_engineering:
    cmd: python src/C_feature_selection.py
    deps:
    - path: data/interim
      hash: md5
      md5: 06595a18ba868d05213b1b7ff7c59925.dir
      size: 10172
      nfiles: 2
    - path: src/C_feature_selection.py
      hash: md5
      md5: 218aa665832831aa4e4593e62eb46869
      size: 3211
    outs:
    - path: data/processed
      hash: md5
      md5: b28af0bb2bbced0e50187fe58e286335.dir
      size: 5095
      nfiles: 2
  model_building:
    cmd: python src/D_model_training.py
    deps:
    - path: data/processed
      hash: md5
      md5: 8c25e813a1f6059dea9fb84f9d36dceb.dir
      size: 5096
      nfiles: 2
    - path: src/D_model_training.py
      hash: md5
      md5: 8dd0654fdb5137b6da0bf29dcab05953
      size: 5901
    outs:
    - path: data/models/basic_M/LR.pkl
      hash: md5
      md5: 62bda3608f6853b54674e6bd2419212f
      size: 811
    - path: data/models/basic_M/RF.pkl
      hash: md5
      md5: ec99c1f7f2b39b61209575c2fc9b3511
      size: 280891
    - path: data/models/model.pkl
      hash: md5
      md5: fecb29b75f71dea0205cb28b48e3b9c6
      size: 5487
  model_evaluation:
    cmd: python src/E_model_evaluation.py
    deps:
    - path: data/models/model.pkl
      hash: md5
      md5: fecb29b75f71dea0205cb28b48e3b9c6
      size: 5487
    - path: src/E_model_evaluation.py
      hash: md5
      md5: 6ddfe49dfc2c5dad5dffca48827bb828
      size: 3602
    outs:
    - path: data/reports/metrics.json
      hash: md5
      md5: 784c075c193979c35d92333f4459d1fb
      size: 1048
  feature_Selection:
    cmd: python src/C_feature_selection.py
    deps:
    - path: data/interim
      hash: md5
      md5: 06595a18ba868d05213b1b7ff7c59925.dir
      size: 10172
      nfiles: 2
    - path: src/C_feature_selection.py
      hash: md5
      md5: 8496902dfcc3debafa6233828cbc0d5d
      size: 2881
    outs:
    - path: data/processed
      hash: md5
      md5: 8c25e813a1f6059dea9fb84f9d36dceb.dir
      size: 5096
      nfiles: 2
